
Microsoft Visual Studio Solution File, Format Version 12.00
# Visual Studio Version 16
VisualStudioVersion = 16.0.32602.291
MinimumVisualStudioVersion = 10.0.40219.1
Project("{9A19103F-16F7-4668-BE54-9A1E7A4F7556}") = "bug_AddressFamily", "bug_AddressFamily.csproj", "{296C9438-3628-409C-A661-0C7BBD666BBF}"
EndProject
Global
	GlobalSection(SolutionConfigurationPlatforms) = preSolution
		Debug|Any CPU = Debug|Any CPU
		Release|Any CPU = Release|Any CPU
	EndGlobalSection
	GlobalSection(ProjectConfigurationPlatforms) = postSolution
		{296C9438-3628-409C-A661-0C7BBD666BBF}.Debug|Any CPU.ActiveCfg = Debug|Any CPU
		{296C9438-3628-409C-A661-0C7BBD666BBF}.Debug|Any CPU.Build.0 = Debug|Any CPU
		{296C9438-3628-409C-A661-0C7BBD666BBF}.Release|Any CPU.ActiveCfg = Release|Any CPU
		{296C9438-3628-409C-A661-0C7BBD666BBF}.Release|Any CPU.Build.0 = Release|Any CPU
	EndGlobalSection
	GlobalSection(SolutionProperties) = preSolution
		HideSolutionNode = FALSE
	EndGlobalSection
	GlobalSection(ExtensibilityGlobals) = postSolution
		SolutionGuid = {811DD0A3-037A-4FDF-878C-E9F55248D2AA}
	EndGlobalSection
EndGlobal
